
Microsoft Visual Studio Solution File, Format Version 12.00
# Visual Studio Version 16
VisualStudioVersion = 16.0.29613.14
MinimumVisualStudioVersion = 10.0.40219.1
Project("{888888A0-9F3D-457C-B088-3A5042F75D52}") = "InteractiveMap", "InteractiveMap.pyproj", "{284D18D4-1424-487E-ABCA-5E5E40DB2237}"
EndProject
Global
	GlobalSection(SolutionConfigurationPlatforms) = preSolution
		Debug|Any CPU = Debug|Any CPU
		Release|Any CPU = Release|Any CPU
	EndGlobalSection
	GlobalSection(ProjectConfigurationPlatforms) = postSolution
		{284D18D4-1424-487E-ABCA-5E5E40DB2237}.Debug|Any CPU.ActiveCfg = Debug|Any CPU
		{284D18D4-1424-487E-ABCA-5E5E40DB2237}.Debug|Any CPU.Build.0 = Debug|Any CPU
		{284D18D4-1424-487E-ABCA-5E5E40DB2237}.Release|Any CPU.ActiveCfg = Release|Any CPU
		{284D18D4-1424-487E-ABCA-5E5E40DB2237}.Release|Any CPU.Build.0 = Release|Any CPU
	EndGlobalSection
	GlobalSection(SolutionProperties) = preSolution
		HideSolutionNode = FALSE
	EndGlobalSection
	GlobalSection(ExtensibilityGlobals) = postSolution
		SolutionGuid = {3D395C19-DFC1-45A5-93F9-F082864CC607}
	EndGlobalSection
EndGlobal
